dependencies:
  idf:
    source:
      type: idf
    version: 5.2.5
  joltwallet/littlefs:
    component_hash: 362f1f5beb5087b0c60169aff82676d2d0ffc991ead975212b0cba95959181c5
    dependencies:
    - name: idf
      require: private
      version: '>=4.3'
    source:
      registry_url: https://components.espressif.com/
      type: service
    version: 1.14.8
  lvgl/lvgl:
    component_hash: d7c1ac037ae6e85d94897f807d6e7ba0946a83e720074fc95a4f6241da9f9f53
    dependencies: []
    source:
      registry_url: https://components.espressif.com/
      type: service
    version: 8.4.0
direct_dependencies:
- idf
- joltwallet/littlefs
- lvgl/lvgl
manifest_hash: a6437f06ad2c1664b4a3c9769c6ceab0b3fafcdd3fdc8a4ad39988f7beab9c3e
target: esp32c3
version: 2.0.0
